// !$*UTF8*$!
{
	archiveVersion = 1;
	classes = {
	};
	objectVersion = 77;
	objects = {

/* Begin PBXContainerItemProxy section */
		833E01562DA4BF2A00E953A7 /* PBXContainerItemProxy */ = {
			isa = PBXContainerItemProxy;
			containerPortal = 833E013D2DA4BF2900E953A7 /* Project object */;
			proxyType = 1;
			remoteGlobalIDString = 833E01442DA4BF2900E953A7;
			remoteInfo = mineGitHub;
		};
		833E01602DA4BF2A00E953A7 /* PBXContainerItemProxy */ = {
			isa = PBXContainerItemProxy;
			containerPortal = 833E013D2DA4BF2900E953A7 /* Project object */;
			proxyType = 1;
			remoteGlobalIDString = 833E01442DA4BF2900E953A7;
			remoteInfo = mineGitHub;
		};
/* End PBXContainerItemProxy section */

/* Begin PBXFileReference section */
		833E01452DA4BF2900E953A7 /* mineGitHub.app */ = {isa = PBXFileReference; explicitFileType = wrapper.application; includeInIndex = 0; path = mineGitHub.app; sourceTree = BUILT_PRODUCTS_DIR; };
		833E01552DA4BF2A00E953A7 /* mineGitHubTests.xctest */ = {isa = PBXFileReference; explicitFileType = wrapper.cfbundle; includeInIndex = 0; path = mineGitHubTests.xctest; sourceTree = BUILT_PRODUCTS_DIR; };
		833E015F2DA4BF2A00E953A7 /* mineGitHubUITests.xctest */ = {isa = PBXFileReference; explicitFileType = wrapper.cfbundle; includeInIndex = 0; path = mineGitHubUITests.xctest; sourceTree = BUILT_PRODUCTS_DIR; };
/* End PBXFileReference section */

/* Begin PBXFileSystemSynchronizedRootGroup section */
		833E01472DA4BF2900E953A7 /* mineGitHub */ = {
			isa = PBXFileSystemSynchronizedRootGroup;
			path = mineGitHub;
			sourceTree = "<group>";
		};
		833E01582DA4BF2A00E953A7 /* mineGitHubTests */ = {
			isa = PBXFileSystemSynchronizedRootGroup;
			path = mineGitHubTests;
			sourceTree = "<group>";
		};
		833E01622DA4BF2A00E953A7 /* mineGitHubUITests */ = {
			isa = PBXFileSystemSynchronizedRootGroup;
			path = mineGitHubUITests;
			sourceTree = "<group>";
		};
/* End PBXFileSystemSynchronizedRootGroup section */

/* Begin PBXFrameworksBuildPhase section */
		833E01422DA4BF2900E953A7 /* Frameworks */ = {
			isa = PBXFrameworksBuildPhase;
			buildActionMask = 2147483647;
			files = (
			);
			runOnlyForDeploymentPostprocessing = 0;
		};
		833E01522DA4BF2A00E953A7 /* Frameworks */ = {
			isa = PBXFrameworksBuildPhase;
			buildActionMask = 2147483647;
			files = (
			);
			runOnlyForDeploymentPostprocessing = 0;
		};
		833E015C2DA4BF2A00E953A7 /* Frameworks */ = {
			isa = PBXFrameworksBuildPhase;
			buildActionMask = 2147483647;
			files = (
			);
			runOnlyForDeploymentPostprocessing = 0;
		};
/* End PBXFrameworksBuildPhase section */

/* Begin PBXGroup section */
		833E013C2DA4BF2900E953A7 = {
			isa = PBXGroup;
			children = (
				833E01472DA4BF2900E953A7 /* mineGitHub */,
				833E01582DA4BF2A00E953A7 /* mineGitHubTests */,
				833E01622DA4BF2A00E953A7 /* mineGitHubUITests */,
				833E01462DA4BF2900E953A7 /* Products */,
			);
			sourceTree = "<group>";
		};
		833E01462DA4BF2900E953A7 /* Products */ = {
			isa = PBXGroup;
			children = (
				833E01452DA4BF2900E953A7 /* mineGitHub.app */,
				833E01552DA4BF2A00E953A7 /* mineGitHubTests.xctest */,
				833E015F2DA4BF2A00E953A7 /* mineGitHubUITests.xctest */,
			);
			name = Products;
			sourceTree = "<group>";
		};
/* End PBXGroup section */

/* Begin PBXNativeTarget section */
		833E01442DA4BF2900E953A7 /* mineGitHub */ = {
			isa = PBXNativeTarget;
			buildConfigurationList = 833E01692DA4BF2A00E953A7 /* Build configuration list for PBXNativeTarget "mineGitHub" */;
			buildPhases = (
				833E01412DA4BF2900E953A7 /* Sources */,
				833E01422DA4BF2900E953A7 /* Frameworks */,
				833E01432DA4BF2900E953A7 /* Resources */,
			);
			buildRules = (
			);
			dependencies = (
			);
			fileSystemSynchronizedGroups = (
				833E01472DA4BF2900E953A7 /* mineGitHub */,
			);
			name = mineGitHub;
			packageProductDependencies = (
			);
			productName = mineGitHub;
			productReference = 833E01452DA4BF2900E953A7 /* mineGitHub.app */;
			productType = "com.apple.product-type.application";
		};
		833E01542DA4BF2A00E953A7 /* mineGitHubTests */ = {
			isa = PBXNativeTarget;
			buildConfigurationList = 833E016C2DA4BF2A00E953A7 /* Build configuration list for PBXNativeTarget "mineGitHubTests" */;
			buildPhases = (
				833E01512DA4BF2A00E953A7 /* Sources */,
				833E01522DA4BF2A00E953A7 /* Frameworks */,
				833E01532DA4BF2A00E953A7 /* Resources */,
			);
			buildRules = (
			);
			dependencies = (
				833E01572DA4BF2A00E953A7 /* PBXTargetDependency */,
			);
			fileSystemSynchronizedGroups = (
				833E01582DA4BF2A00E953A7 /* mineGitHubTests */,
			);
			name = mineGitHubTests;
			packageProductDependencies = (
			);
			productName = mineGitHubTests;
			productReference = 833E01552DA4BF2A00E953A7 /* mineGitHubTests.xctest */;
			productType = "com.apple.product-type.bundle.unit-test";
		};
		833E015E2DA4BF2A00E953A7 /* mineGitHubUITests */ = {
			isa = PBXNativeTarget;
			buildConfigurationList = 833E016F2DA4BF2A00E953A7 /* Build configuration list for PBXNativeTarget "mineGitHubUITests" */;
			buildPhases = (
				833E015B2DA4BF2A00E953A7 /* Sources */,
				833E015C2DA4BF2A00E953A7 /* Frameworks */,
				833E015D2DA4BF2A00E953A7 /* Resources */,
			);
			buildRules = (
			);
			dependencies = (
				833E01612DA4BF2A00E953A7 /* PBXTargetDependency */,
			);
			fileSystemSynchronizedGroups = (
				833E01622DA4BF2A00E953A7 /* mineGitHubUITests */,
			);
			name = mineGitHubUITests;
			packageProductDependencies = (
			);
			productName = mineGitHubUITests;
			productReference = 833E015F2DA4BF2A00E953A7 /* mineGitHubUITests.xctest */;
			productType = "com.apple.product-type.bundle.ui-testing";
		};
/* End PBXNativeTarget section */

/* Begin PBXProject section */
		833E013D2DA4BF2900E953A7 /* Project object */ = {
			isa = PBXProject;
			attributes = {
				BuildIndependentTargetsInParallel = 1;
				LastSwiftUpdateCheck = 1620;
				LastUpgradeCheck = 1620;
				TargetAttributes = {
					833E01442DA4BF2900E953A7 = {
						CreatedOnToolsVersion = 16.2;
					};
					833E01542DA4BF2A00E953A7 = {
						CreatedOnToolsVersion = 16.2;
						TestTargetID = 833E01442DA4BF2900E953A7;
					};
					833E015E2DA4BF2A00E953A7 = {
						CreatedOnToolsVersion = 16.2;
						TestTargetID = 833E01442DA4BF2900E953A7;
					};
				};
			};
			buildConfigurationList = 833E01402DA4BF2900E953A7 /* Build configuration list for PBXProject "mineGitHub" */;
			developmentRegion = en;
			hasScannedForEncodings = 0;
			knownRegions = (
				en,
				Base,
			);
			mainGroup = 833E013C2DA4BF2900E953A7;
			minimizedProjectReferenceProxies = 1;
			preferredProjectObjectVersion = 77;
			productRefGroup = 833E01462DA4BF2900E953A7 /* Products */;
			projectDirPath = "";
			projectRoot = "";
			targets = (
				833E01442DA4BF2900E953A7 /* mineGitHub */,
				833E01542DA4BF2A00E953A7 /* mineGitHubTests */,
				833E015E2DA4BF2A00E953A7 /* mineGitHubUITests */,
			);
		};
/* End PBXProject section */

/* Begin PBXResourcesBuildPhase section */
		833E01432DA4BF2900E953A7 /* Resources */ = {
			isa = PBXResourcesBuildPhase;
			buildActionMask = 2147483647;
			files = (
			);
			runOnlyForDeploymentPostprocessing = 0;
		};
		833E01532DA4BF2A00E953A7 /* Resources */ = {
			isa = PBXResourcesBuildPhase;
			buildActionMask = 2147483647;
			files = (
			);
			runOnlyForDeploymentPostprocessing = 0;
		};
		833E015D2DA4BF2A00E953A7 /* Resources */ = {
			isa = PBXResourcesBuildPhase;
			buildActionMask = 2147483647;
			files = (
			);
			runOnlyForDeploymentPostprocessing = 0;
		};
/* End PBXResourcesBuildPhase section */

/* Begin PBXSourcesBuildPhase section */
		833E01412DA4BF2900E953A7 /* Sources */ = {
			isa = PBXSourcesBuildPhase;
			buildActionMask = 2147483647;
			files = (
			);
			runOnlyForDeploymentPostprocessing = 0;
		};
		833E01512DA4BF2A00E953A7 /* Sources */ = {
			isa = PBXSourcesBuildPhase;
			buildActionMask = 2147483647;
			files = (
			);
			runOnlyForDeploymentPostprocessing = 0;
		};
		833E015B2DA4BF2A00E953A7 /* Sources */ = {
			isa = PBXSourcesBuildPhase;
			buildActionMask = 2147483647;
			files = (
			);
			runOnlyForDeploymentPostprocessing = 0;
		};
/* End PBXSourcesBuildPhase section */

/* Begin PBXTargetDependency section */
		833E01572DA4BF2A00E953A7 /* PBXTargetDependency */ = {
			isa = PBXTargetDependency;
			target = 833E01442DA4BF2900E953A7 /* mineGitHub */;
			targetProxy = 833E01562DA4BF2A00E953A7 /* PBXContainerItemProxy */;
		};
		833E01612DA4BF2A00E953A7 /* PBXTargetDependency */ = {
			isa = PBXTargetDependency;
			target = 833E01442DA4BF2900E953A7 /* mineGitHub */;
			targetProxy = 833E01602DA4BF2A00E953A7 /* PBXContainerItemProxy */;
		};
/* End PBXTargetDependency section */

/* Begin XCBuildConfiguration section */
		833E01672DA4BF2A00E953A7 /* Debug */ = {
			isa = XCBuildConfiguration;
			buildSettings = {
				ALWAYS_SEARCH_USER_PATHS = NO;
				ASSETCATALOG_COMPILER_GENERATE_SWIFT_ASSET_SYMBOL_EXTENSIONS = YES;
				CLANG_ANALYZER_NONNULL = YES;
				CLANG_ANALYZER_NUMBER_OBJECT_CONVERSION = YES_AGGRESSIVE;
				CLANG_CXX_LANGUAGE_STANDARD = "gnu++20";
				CLANG_ENABLE_MODULES = YES;
				CLANG_ENABLE_OBJC_ARC = YES;
				CLANG_ENABLE_OBJC_WEAK = YES;
				CLANG_WARN_BLOCK_CAPTURE_AUTORELEASING = YES;
				CLANG_WARN_BOOL_CONVERSION = YES;
				CLANG_WARN_COMMA = YES;
				CLANG_WARN_CONSTANT_CONVERSION = YES;
				CLANG_WARN_DEPRECATED_OBJC_IMPLEMENTATIONS = YES;
				CLANG_WARN_DIRECT_OBJC_ISA_USAGE = YES_ERROR;
				CLANG_WARN_DOCUMENTATION_COMMENTS = YES;
				CLANG_WARN_EMPTY_BODY = YES;
				CLANG_WARN_ENUM_CONVERSION = YES;
				CLANG_WARN_INFINITE_RECURSION = YES;
				CLANG_WARN_INT_CONVERSION = YES;
				CLANG_WARN_NON_LITERAL_NULL_CONVERSION = YES;
				CLANG_WARN_OBJC_IMPLICIT_RETAIN_SELF = YES;
				CLANG_WARN_OBJC_LITERAL_CONVERSION = YES;
				CLANG_WARN_OBJC_ROOT_CLASS = YES_ERROR;
				CLANG_WARN_QUOTED_INCLUDE_IN_FRAMEWORK_HEADER = YES;
				CLANG_WARN_RANGE_LOOP_ANALYSIS = YES;
				CLANG_WARN_STRICT_PROTOTYPES = YES;
				CLANG_WARN_SUSPICIOUS_MOVE = YES;
				CLANG_WARN_UNGUARDED_AVAILABILITY = YES_AGGRESSIVE;
				CLANG_WARN_UNREACHABLE_CODE = YES;
				CLANG_WARN__DUPLICATE_METHOD_MATCH = YES;
				COPY_PHASE_STRIP = NO;
				DEBUG_INFORMATION_FORMAT = dwarf;
				ENABLE_STRICT_OBJC_MSGSEND = YES;
				ENABLE_TESTABILITY = YES;
				ENABLE_USER_SCRIPT_SANDBOXING = YES;
				GCC_C_LANGUAGE_STANDARD = gnu17;
				GCC_DYNAMIC_NO_PIC = NO;
				GCC_NO_COMMON_BLOCKS = YES;
				GCC_OPTIMIZATION_LEVEL = 0;
				GCC_PREPROCESSOR_DEFINITIONS = (
					"DEBUG=1",
					"$(inherited)",
				);
				GCC_WARN_64_TO_32_BIT_CONVERSION = YES;
				GCC_WARN_ABOUT_RETURN_TYPE = YES_ERROR;
				GCC_WARN_UNDECLARED_SELECTOR = YES;
				GCC_WARN_UNINITIALIZED_AUTOS = YES_AGGRESSIVE;
				GCC_WARN_UNUSED_FUNCTION = YES;
				GCC_WARN_UNUSED_VARIABLE = YES;
				IPHONEOS_DEPLOYMENT_TARGET = 18.2;
				LOCALIZATION_PREFERS_STRING_CATALOGS = YES;
				MTL_ENABLE_DEBUG_INFO = INCLUDE_SOURCE;
				MTL_FAST_MATH = YES;
				ONLY_ACTIVE_ARCH = YES;
				SDKROOT = iphoneos;
				SWIFT_ACTIVE_COMPILATION_CONDITIONS = "DEBUG $(inherited)";
				SWIFT_OPTIMIZATION_LEVEL = "-Onone";
			};
			name = Debug;
		};
		833E01682DA4BF2A00E953A7 /* Release */ = {
			isa = XCBuildConfiguration;
			buildSettings = {
				ALWAYS_SEARCH_USER_PATHS = NO;
				ASSETCATALOG_COMPILER_GENERATE_SWIFT_ASSET_SYMBOL_EXTENSIONS = YES;
				CLANG_ANALYZER_NONNULL = YES;
				CLANG_ANALYZER_NUMBER_OBJECT_CONVERSION = YES_AGGRESSIVE;
				CLANG_CXX_LANGUAGE_STANDARD = "gnu++20";
				CLANG_ENABLE_MODULES = YES;
				CLANG_ENABLE_OBJC_ARC = YES;
				CLANG_ENABLE_OBJC_WEAK = YES;
				CLANG_WARN_BLOCK_CAPTURE_AUTORELEASING = YES;
				CLANG_WARN_BOOL_CONVERSION = YES;
				CLANG_WARN_COMMA = YES;
				CLANG_WARN_CONSTANT_CONVERSION = YES;
				CLANG_WARN_DEPRECATED_OBJC_IMPLEMENTATIONS = YES;
				CLANG_WARN_DIRECT_OBJC_ISA_USAGE = YES_ERROR;
				CLANG_WARN_DOCUMENTATION_COMMENTS = YES;
				CLANG_WARN_EMPTY_BODY = YES;
				CLANG_WARN_ENUM_CONVERSION = YES;
				CLANG_WARN_INFINITE_RECURSION = YES;
				CLANG_WARN_INT_CONVERSION = YES;
				CLANG_WARN_NON_LITERAL_NULL_CONVERSION = YES;
				CLANG_WARN_OBJC_IMPLICIT_RETAIN_SELF = YES;
				CLANG_WARN_OBJC_LITERAL_CONVERSION = YES;
				CLANG_WARN_OBJC_ROOT_CLASS = YES_ERROR;
				CLANG_WARN_QUOTED_INCLUDE_IN_FRAMEWORK_HEADER = YES;
				CLANG_WARN_RANGE_LOOP_ANALYSIS = YES;
				CLANG_WARN_STRICT_PROTOTYPES = YES;
				CLANG_WARN_SUSPICIOUS_MOVE = YES;
				CLANG_WARN_UNGUARDED_AVAILABILITY = YES_AGGRESSIVE;
				CLANG_WARN_UNREACHABLE_CODE = YES;
				CLANG_WARN__DUPLICATE_METHOD_MATCH = YES;
				COPY_PHASE_STRIP = NO;
				DEBUG_INFORMATION_FORMAT = "dwarf-with-dsym";
				ENABLE_NS_ASSERTIONS = NO;
				ENABLE_STRICT_OBJC_MSGSEND = YES;
				ENABLE_USER_SCRIPT_SANDBOXING = YES;
				GCC_C_LANGUAGE_STANDARD = gnu17;
				GCC_NO_COMMON_BLOCKS = YES;
				GCC_WARN_64_TO_32_BIT_CONVERSION = YES;
				GCC_WARN_ABOUT_RETURN_TYPE = YES_ERROR;
				GCC_WARN_UNDECLARED_SELECTOR = YES;
				GCC_WARN_UNINITIALIZED_AUTOS = YES_AGGRESSIVE;
				GCC_WARN_UNUSED_FUNCTION = YES;
				GCC_WARN_UNUSED_VARIABLE = YES;
				IPHONEOS_DEPLOYMENT_TARGET = 18.2;
				LOCALIZATION_PREFERS_STRING_CATALOGS = YES;
				MTL_ENABLE_DEBUG_INFO = NO;
				MTL_FAST_MATH = YES;
				SDKROOT = iphoneos;
				SWIFT_COMPILATION_MODE = wholemodule;
				VALIDATE_PRODUCT = YES;
			};
			name = Release;
		};
		833E016A2DA4BF2A00E953A7 /* Debug */ = {
			isa = XCBuildConfiguration;
			buildSettings = {
				ASSETCATALOG_COMPILER_APPICON_NAME = AppIcon;
				ASSETCATALOG_COMPILER_GLOBAL_ACCENT_COLOR_NAME = AccentColor;
				CODE_SIGN_STYLE = Automatic;
				CURRENT_PROJECT_VERSION = 1;
				DEVELOPMENT_ASSET_PATHS = "\"mineGitHub/Preview Content\"";
				ENABLE_PREVIEWS = YES;
				GENERATE_INFOPLIST_FILE = YES;
				INFOPLIST_KEY_UIApplicationSceneManifest_Generation = YES;
				INFOPLIST_KEY_UIApplicationSupportsIndirectInputEvents = YES;
				INFOPLIST_KEY_UILaunchScreen_Generation = YES;
				INFOPLIST_KEY_UISupportedInterfaceOrientations_iPad = "UIInterfaceOrientationPortrait UIInterfaceOrientationPortraitUpsideDown UIInterfaceOrientationLandscapeLeft UIInterfaceOrientationLandscapeRight";
				INFOPLIST_KEY_UISupportedInterfaceOrientations_iPhone = "UIInterfaceOrientationPortrait UIInterfaceOrientationLandscapeLeft UIInterfaceOrientationLandscapeRight";
				LD_RUNPATH_SEARCH_PATHS = (
					"$(inherited)",
					"@executable_path/Frameworks",
				);
				MARKETING_VERSION = 1.0;
				PRODUCT_BUNDLE_IDENTIFIER = Nope.mineGitHub;
				PRODUCT_NAME = "$(TARGET_NAME)";
				SWIFT_EMIT_LOC_STRINGS = YES;
				SWIFT_VERSION = 5.0;
				TARGETED_DEVICE_FAMILY = "1,2";
			};
			name = Debug;
		};
		833E016B2DA4BF2A00E953A7 /* Release */ = {
			isa = XCBuildConfiguration;
			buildSettings = {
				ASSETCATALOG_COMPILER_APPICON_NAME = AppIcon;
				ASSETCATALOG_COMPILER_GLOBAL_ACCENT_COLOR_NAME = AccentColor;
				CODE_SIGN_STYLE = Automatic;
				CURRENT_PROJECT_VERSION = 1;
				DEVELOPMENT_ASSET_PATHS = "\"mineGitHub/Preview Content\"";
				ENABLE_PREVIEWS = YES;
				GENERATE_INFOPLIST_FILE = YES;
				INFOPLIST_KEY_UIApplicationSceneManifest_Generation = YES;
				INFOPLIST_KEY_UIApplicationSupportsIndirectInputEvents = YES;
				INFOPLIST_KEY_UILaunchScreen_Generation = YES;
				INFOPLIST_KEY_UISupportedInterfaceOrientations_iPad = "UIInterfaceOrientationPortrait UIInterfaceOrientationPortraitUpsideDown UIInterfaceOrientationLandscapeLeft UIInterfaceOrientationLandscapeRight";
				INFOPLIST_KEY_UISupportedInterfaceOrientations_iPhone = "UIInterfaceOrientationPortrait UIInterfaceOrientationLandscapeLeft UIInterfaceOrientationLandscapeRight";
				LD_RUNPATH_SEARCH_PATHS = (
					"$(inherited)",
					"@executable_path/Frameworks",
				);
				MARKETING_VERSION = 1.0;
				PRODUCT_BUNDLE_IDENTIFIER = Nope.mineGitHub;
				PRODUCT_NAME = "$(TARGET_NAME)";
				SWIFT_EMIT_LOC_STRINGS = YES;
				SWIFT_VERSION = 5.0;
				TARGETED_DEVICE_FAMILY = "1,2";
			};
			name = Release;
		};
		833E016D2DA4BF2A00E953A7 /* Debug */ = {
			isa = XCBuildConfiguration;
			buildSettings = {
				BUNDLE_LOADER = "$(TEST_HOST)";
				CODE_SIGN_STYLE = Automatic;
				CURRENT_PROJECT_VERSION = 1;
				GENERATE_INFOPLIST_FILE = YES;
				IPHONEOS_DEPLOYMENT_TARGET = 18.2;
				MARKETING_VERSION = 1.0;
				PRODUCT_BUNDLE_IDENTIFIER = Nope.mineGitHubTests;
				PRODUCT_NAME = "$(TARGET_NAME)";
				SWIFT_EMIT_LOC_STRINGS = NO;
				SWIFT_VERSION = 5.0;
				TARGETED_DEVICE_FAMILY = "1,2";
				TEST_HOST = "$(BUILT_PRODUCTS_DIR)/mineGitHub.app/$(BUNDLE_EXECUTABLE_FOLDER_PATH)/mineGitHub";
			};
			name = Debug;
		};
		833E016E2DA4BF2A00E953A7 /* Release */ = {
			isa = XCBuildConfiguration;
			buildSettings = {
				BUNDLE_LOADER = "$(TEST_HOST)";
				CODE_SIGN_STYLE = Automatic;
				CURRENT_PROJECT_VERSION = 1;
				GENERATE_INFOPLIST_FILE = YES;
				IPHONEOS_DEPLOYMENT_TARGET = 18.2;
				MARKETING_VERSION = 1.0;
				PRODUCT_BUNDLE_IDENTIFIER = Nope.mineGitHubTests;
				PRODUCT_NAME = "$(TARGET_NAME)";
				SWIFT_EMIT_LOC_STRINGS = NO;
				SWIFT_VERSION = 5.0;
				TARGETED_DEVICE_FAMILY = "1,2";
				TEST_HOST = "$(BUILT_PRODUCTS_DIR)/mineGitHub.app/$(BUNDLE_EXECUTABLE_FOLDER_PATH)/mineGitHub";
			};
			name = Release;
		};
		833E01702DA4BF2A00E953A7 /* Debug */ = {
			isa = XCBuildConfiguration;
			buildSettings = {
				CODE_SIGN_STYLE = Automatic;
				CURRENT_PROJECT_VERSION = 1;
				GENERATE_INFOPLIST_FILE = YES;
				MARKETING_VERSION = 1.0;
				PRODUCT_BUNDLE_IDENTIFIER = Nope.mineGitHubUITests;
				PRODUCT_NAME = "$(TARGET_NAME)";
				SWIFT_EMIT_LOC_STRINGS = NO;
				SWIFT_VERSION = 5.0;
				TARGETED_DEVICE_FAMILY = "1,2";
				TEST_TARGET_NAME = mineGitHub;
			};
			name = Debug;
		};
		833E01712DA4BF2A00E953A7 /* Release */ = {
			isa = XCBuildConfiguration;
			buildSettings = {
				CODE_SIGN_STYLE = Automatic;
				CURRENT_PROJECT_VERSION = 1;
				GENERATE_INFOPLIST_FILE = YES;
				MARKETING_VERSION = 1.0;
				PRODUCT_BUNDLE_IDENTIFIER = Nope.mineGitHubUITests;
				PRODUCT_NAME = "$(TARGET_NAME)";
				SWIFT_EMIT_LOC_STRINGS = NO;
				SWIFT_VERSION = 5.0;
				TARGETED_DEVICE_FAMILY = "1,2";
				TEST_TARGET_NAME = mineGitHub;
			};
			name = Release;
		};
/* End XCBuildConfiguration section */

/* Begin XCConfigurationList section */
		833E01402DA4BF2900E953A7 /* Build configuration list for PBXProject "mineGitHub" */ = {
			isa = XCConfigurationList;
			buildConfigurations = (
				833E01672DA4BF2A00E953A7 /* Debug */,
				833E01682DA4BF2A00E953A7 /* Release */,
			);
			defaultConfigurationIsVisible = 0;
			defaultConfigurationName = Release;
		};
		833E01692DA4BF2A00E953A7 /* Build configuration list for PBXNativeTarget "mineGitHub" */ = {
			isa = XCConfigurationList;
			buildConfigurations = (
				833E016A2DA4BF2A00E953A7 /* Debug */,
				833E016B2DA4BF2A00E953A7 /* Release */,
			);
			defaultConfigurationIsVisible = 0;
			defaultConfigurationName = Release;
		};
		833E016C2DA4BF2A00E953A7 /* Build configuration list for PBXNativeTarget "mineGitHubTests" */ = {
			isa = XCConfigurationList;
			buildConfigurations = (
				833E016D2DA4BF2A00E953A7 /* Debug */,
				833E016E2DA4BF2A00E953A7 /* Release */,
			);
			defaultConfigurationIsVisible = 0;
			defaultConfigurationName = Release;
		};
		833E016F2DA4BF2A00E953A7 /* Build configuration list for PBXNativeTarget "mineGitHubUITests" */ = {
			isa = XCConfigurationList;
			buildConfigurations = (
				833E01702DA4BF2A00E953A7 /* Debug */,
				833E01712DA4BF2A00E953A7 /* Release */,
			);
			defaultConfigurationIsVisible = 0;
			defaultConfigurationName = Release;
		};
/* End XCConfigurationList section */
	};
	rootObject = 833E013D2DA4BF2900E953A7 /* Project object */;
}
